
Microsoft Visual Studio Solution File, Format Version 12.00
# Visual Studio Version 16
VisualStudioVersion = 16.0.33214.272
MinimumVisualStudioVersion = 10.0.40219.1
Project("{888888A0-9F3D-457C-B088-3A5042F75D52}") = "ChaoticPasswordGenerator", "ChaoticPasswordGenerator.pyproj", "{FAA12E7F-F83F-4157-AD10-29B5240F24F3}"
EndProject
Global
	GlobalSection(SolutionConfigurationPlatforms) = preSolution
		Debug|Any CPU = Debug|Any CPU
		Release|Any CPU = Release|Any CPU
	EndGlobalSection
	GlobalSection(ProjectConfigurationPlatforms) = postSolution
		{FAA12E7F-F83F-4157-AD10-29B5240F24F3}.Debug|Any CPU.ActiveCfg = Debug|Any CPU
		{FAA12E7F-F83F-4157-AD10-29B5240F24F3}.Release|Any CPU.ActiveCfg = Release|Any CPU
	EndGlobalSection
	GlobalSection(SolutionProperties) = preSolution
		HideSolutionNode = FALSE
	EndGlobalSection
	GlobalSection(ExtensibilityGlobals) = postSolution
		SolutionGuid = {B70F21DE-6B02-43CF-90A5-CDE63FA92889}
	EndGlobalSection
EndGlobal
